// !$*UTF8*$!
{
	archiveVersion = 1;
	classes = {
	};
	objectVersion = 46;
	objects = {

/* Begin PBXBuildFile section */
		2204637B1EDA4B5E00857F04 /* AppDelegate.swift in Sources */ = {isa = PBXBuildFile; fileRef = 2204637A1EDA4B5E00857F04 /* AppDelegate.swift */; };
		2204637D1EDA4B5E00857F04 /* LoginViewController.swift in Sources */ = {isa = PBXBuildFile; fileRef = 2204637C1EDA4B5E00857F04 /* LoginViewController.swift */; };
		220463801EDA4B5E00857F04 /* Main.storyboard in Resources */ = {isa = PBXBuildFile; fileRef = 2204637E1EDA4B5E00857F04 /* Main.storyboard */; };
		220463821EDA4B5E00857F04 /* Assets.xcassets in Resources */ = {isa = PBXBuildFile; fileRef = 220463811EDA4B5E00857F04 /* Assets.xcassets */; };
		220463851EDA4B5E00857F04 /* LaunchScreen.storyboard in Resources */ = {isa = PBXBuildFile; fileRef = 220463831EDA4B5E00857F04 /* LaunchScreen.storyboard */; };
		220463901EDA4B5F00857F04 /* FavorPayTests.swift in Sources */ = {isa = PBXBuildFile; fileRef = 2204638F1EDA4B5F00857F04 /* FavorPayTests.swift */; };
		2204639B1EDA4B5F00857F04 /* FavorPayUITests.swift in Sources */ = {isa = PBXBuildFile; fileRef = 2204639A1EDA4B5F00857F04 /* FavorPayUITests.swift */; };
		220463A91EDA51B900857F04 /* FavorPayButton.swift in Sources */ = {isa = PBXBuildFile; fileRef = 220463A81EDA51B900857F04 /* FavorPayButton.swift */; };
		220463AB1EDA525D00857F04 /* FavorPayViewController.swift in Sources */ = {isa = PBXBuildFile; fileRef = 220463AA1EDA525D00857F04 /* FavorPayViewController.swift */; };
		220463AD1EDA52B200857F04 /* FavorPayTextField.swift in Sources */ = {isa = PBXBuildFile; fileRef = 220463AC1EDA52B200857F04 /* FavorPayTextField.swift */; };
		220463AF1EDA52F200857F04 /* FavorPayLabel.swift in Sources */ = {isa = PBXBuildFile; fileRef = 220463AE1EDA52F200857F04 /* FavorPayLabel.swift */; };
		220463B11EDB61EC00857F04 /* RegisterViewController.swift in Sources */ = {isa = PBXBuildFile; fileRef = 220463B01EDB61EC00857F04 /* RegisterViewController.swift */; };
		220463B91EDB6D5B00857F04 /* RequestViewController.swift in Sources */ = {isa = PBXBuildFile; fileRef = 220463B81EDB6D5B00857F04 /* RequestViewController.swift */; };
		220463BB1EDB6D7300857F04 /* PerformViewController.swift in Sources */ = {isa = PBXBuildFile; fileRef = 220463BA1EDB6D7300857F04 /* PerformViewController.swift */; };
		220463BF1EDB703400857F04 /* HistoryViewController.swift in Sources */ = {isa = PBXBuildFile; fileRef = 220463BE1EDB703400857F04 /* HistoryViewController.swift */; };
		22310EB81EF41456004FDB7D /* MapViewController.swift in Sources */ = {isa = PBXBuildFile; fileRef = 22310EB71EF41456004FDB7D /* MapViewController.swift */; };
		22310EBA1EF44422004FDB7D /* LocationSearchViewController.swift in Sources */ = {isa = PBXBuildFile; fileRef = 22310EB91EF44422004FDB7D /* LocationSearchViewController.swift */; };
		224DF2E41EE615C2008D4DD9 /* GoodDeed.swift in Sources */ = {isa = PBXBuildFile; fileRef = 224DF2E31EE615C2008D4DD9 /* GoodDeed.swift */; };
		224DF2E61EE659B0008D4DD9 /* FavorPayTableViewCell.swift in Sources */ = {isa = PBXBuildFile; fileRef = 224DF2E51EE659B0008D4DD9 /* FavorPayTableViewCell.swift */; };
		224DF2E81EE66247008D4DD9 /* FavorPayTextView.swift in Sources */ = {isa = PBXBuildFile; fileRef = 224DF2E71EE66247008D4DD9 /* FavorPayTextView.swift */; };
		227DAB671EF5751500C88581 /* GoogleService-Info.plist in Resources */ = {isa = PBXBuildFile; fileRef = 227DAB661EF5751500C88581 /* GoogleService-Info.plist */; };
		228FB4291EF0C7310056CDDE /* FavorPayTabViewController.swift in Sources */ = {isa = PBXBuildFile; fileRef = 228FB4281EF0C7310056CDDE /* FavorPayTabViewController.swift */; };
		22E514DA1EF7FED90045033D /* SettingsViewController.swift in Sources */ = {isa = PBXBuildFile; fileRef = 22E514D91EF7FED90045033D /* SettingsViewController.swift */; };
		22E514DC1EF8020B0045033D /* BankViewController.swift in Sources */ = {isa = PBXBuildFile; fileRef = 22E514DB1EF8020B0045033D /* BankViewController.swift */; };
		3B38B6D161F35E92BCA783A4 /* Pods_FavorPayTests.framework in Frameworks */ = {isa = PBXBuildFile; fileRef = 52A4E81A5D5A61DBB6811890 /* Pods_FavorPayTests.framework */; };
		4BABCCF4A0E055152F4E0F73 /* Pods_FavorPayUITests.framework in Frameworks */ = {isa = PBXBuildFile; fileRef = 82A376BB5F3869F8A0024750 /* Pods_FavorPayUITests.framework */; };
		DF92F6AA10DC25E12054BE08 /* Pods_FavorPay.framework in Frameworks */ = {isa = PBXBuildFile; fileRef = 886B9B68DBF114329EFA115E /* Pods_FavorPay.framework */; };
/* End PBXBuildFile section */

/* Begin PBXContainerItemProxy section */
		2204638C1EDA4B5F00857F04 /* PBXContainerItemProxy */ = {
			isa = PBXContainerItemProxy;
			containerPortal = 2204636F1EDA4B5E00857F04 /* Project object */;
			proxyType = 1;
			remoteGlobalIDString = 220463761EDA4B5E00857F04;
			remoteInfo = FavorPay;
		};
		220463971EDA4B5F00857F04 /* PBXContainerItemProxy */ = {
			isa = PBXContainerItemProxy;
			containerPortal = 2204636F1EDA4B5E00857F04 /* Project object */;
			proxyType = 1;
			remoteGlobalIDString = 220463761EDA4B5E00857F04;
			remoteInfo = FavorPay;
		};
/* End PBXContainerItemProxy section */

/* Begin PBXFileReference section */
		220463771EDA4B5E00857F04 /* FavorPay.app */ = {isa = PBXFileReference; explicitFileType = wrapper.application; includeInIndex = 0; path = FavorPay.app; sourceTree = BUILT_PRODUCTS_DIR; };
		2204637A1EDA4B5E00857F04 /* AppDelegate.swift */ = {isa = PBXFileReference; lastKnownFileType = sourcecode.swift; path = AppDelegate.swift; sourceTree = "<group>"; };
		2204637C1EDA4B5E00857F04 /* LoginViewController.swift */ = {isa = PBXFileReference; lastKnownFileType = sourcecode.swift; path = LoginViewController.swift; sourceTree = "<group>"; };
		2204637F1EDA4B5E00857F04 /* Base */ = {isa = PBXFileReference; lastKnownFileType = file.storyboard; name = Base; path = Base.lproj/Main.storyboard; sourceTree = "<group>"; };
		220463811EDA4B5E00857F04 /* Assets.xcassets */ = {isa = PBXFileReference; lastKnownFileType = folder.assetcatalog; path = Assets.xcassets; sourceTree = "<group>"; };
		220463841EDA4B5E00857F04 /* Base */ = {isa = PBXFileReference; lastKnownFileType = file.storyboard; name = Base; path = Base.lproj/LaunchScreen.storyboard; sourceTree = "<group>"; };
		220463861EDA4B5E00857F04 /* Info.plist */ = {isa = PBXFileReference; lastKnownFileType = text.plist.xml; path = Info.plist; sourceTree = "<group>"; };
		2204638B1EDA4B5F00857F04 /* FavorPayTests.xctest */ = {isa = PBXFileReference; explicitFileType = wrapper.cfbundle; includeInIndex = 0; path = FavorPayTests.xctest; sourceTree = BUILT_PRODUCTS_DIR; };
		2204638F1EDA4B5F00857F04 /* FavorPayTests.swift */ = {isa = PBXFileReference; lastKnownFileType = sourcecode.swift; path = FavorPayTests.swift; sourceTree = "<group>"; };
		220463911EDA4B5F00857F04 /* Info.plist */ = {isa = PBXFileReference; lastKnownFileType = text.plist.xml; path = Info.plist; sourceTree = "<group>"; };
		220463961EDA4B5F00857F04 /* FavorPayUITests.xctest */ = {isa = PBXFileReference; explicitFileType = wrapper.cfbundle; includeInIndex = 0; path = FavorPayUITests.xctest; sourceTree = BUILT_PRODUCTS_DIR; };
		2204639A1EDA4B5F00857F04 /* FavorPayUITests.swift */ = {isa = PBXFileReference; lastKnownFileType = sourcecode.swift; path = FavorPayUITests.swift; sourceTree = "<group>"; };
		2204639C1EDA4B5F00857F04 /* Info.plist */ = {isa = PBXFileReference; lastKnownFileType = text.plist.xml; path = Info.plist; sourceTree = "<group>"; };
		220463A81EDA51B900857F04 /* FavorPayButton.swift */ = {isa = PBXFileReference; fileEncoding = 4; lastKnownFileType = sourcecode.swift; path = FavorPayButton.swift; sourceTree = "<group>"; };
		220463AA1EDA525D00857F04 /* FavorPayViewController.swift */ = {isa = PBXFileReference; fileEncoding = 4; lastKnownFileType = sourcecode.swift; path = FavorPayViewController.swift; sourceTree = "<group>"; };
		220463AC1EDA52B200857F04 /* FavorPayTextField.swift */ = {isa = PBXFileReference; fileEncoding = 4; lastKnownFileType = sourcecode.swift; path = FavorPayTextField.swift; sourceTree = "<group>"; };
		220463AE1EDA52F200857F04 /* FavorPayLabel.swift */ = {isa = PBXFileReference; fileEncoding = 4; lastKnownFileType = sourcecode.swift; path = FavorPayLabel.swift; sourceTree = "<group>"; };
		220463B01EDB61EC00857F04 /* RegisterViewController.swift */ = {isa = PBXFileReference; fileEncoding = 4; lastKnownFileType = sourcecode.swift; path = RegisterViewController.swift; sourceTree = "<group>"; };
		220463B81EDB6D5B00857F04 /* RequestViewController.swift */ = {isa = PBXFileReference; fileEncoding = 4; lastKnownFileType = sourcecode.swift; path = RequestViewController.swift; sourceTree = "<group>"; };
		220463BA1EDB6D7300857F04 /* PerformViewController.swift */ = {isa = PBXFileReference; fileEncoding = 4; lastKnownFileType = sourcecode.swift; path = PerformViewController.swift; sourceTree = "<group>"; };
		220463BE1EDB703400857F04 /* HistoryViewController.swift */ = {isa = PBXFileReference; fileEncoding = 4; lastKnownFileType = sourcecode.swift; path = HistoryViewController.swift; sourceTree = "<group>"; };
		22310EB71EF41456004FDB7D /* MapViewController.swift */ = {isa = PBXFileReference; fileEncoding = 4; lastKnownFileType = sourcecode.swift; path = MapViewController.swift; sourceTree = "<group>"; };
		22310EB91EF44422004FDB7D /* LocationSearchViewController.swift */ = {isa = PBXFileReference; fileEncoding = 4; lastKnownFileType = sourcecode.swift; path = LocationSearchViewController.swift; sourceTree = "<group>"; };
		224DF2E31EE615C2008D4DD9 /* GoodDeed.swift */ = {isa = PBXFileReference; fileEncoding = 4; lastKnownFileType = sourcecode.swift; path = GoodDeed.swift; sourceTree = "<group>"; };
		224DF2E51EE659B0008D4DD9 /* FavorPayTableViewCell.swift */ = {isa = PBXFileReference; fileEncoding = 4; lastKnownFileType = sourcecode.swift; path = FavorPayTableViewCell.swift; sourceTree = "<group>"; };
		224DF2E71EE66247008D4DD9 /* FavorPayTextView.swift */ = {isa = PBXFileReference; fileEncoding = 4; lastKnownFileType = sourcecode.swift; path = FavorPayTextView.swift; sourceTree = "<group>"; };
		227DAB661EF5751500C88581 /* GoogleService-Info.plist */ = {isa = PBXFileReference; fileEncoding = 4; lastKnownFileType = text.plist.xml; name = "GoogleService-Info.plist"; path = "FavorPay/GoogleService-Info.plist"; sourceTree = "<group>"; };
		228FB4281EF0C7310056CDDE /* FavorPayTabViewController.swift */ = {isa = PBXFileReference; fileEncoding = 4; lastKnownFileType = sourcecode.swift; path = FavorPayTabViewController.swift; sourceTree = "<group>"; };
		22E514D91EF7FED90045033D /* SettingsViewController.swift */ = {isa = PBXFileReference; fileEncoding = 4; lastKnownFileType = sourcecode.swift; path = SettingsViewController.swift; sourceTree = "<group>"; };
		22E514DB1EF8020B0045033D /* BankViewController.swift */ = {isa = PBXFileReference; fileEncoding = 4; lastKnownFileType = sourcecode.swift; path = BankViewController.swift; sourceTree = "<group>"; };
		3EA426A9D02032CD92F3FF04 /* Pods-FavorPayUITests.release.xcconfig */ = {isa = PBXFileReference; includeInIndex = 1; lastKnownFileType = text.xcconfig; name = "Pods-FavorPayUITests.release.xcconfig"; path = "Pods/Target Support Files/Pods-FavorPayUITests/Pods-FavorPayUITests.release.xcconfig"; sourceTree = "<group>"; };
		52A4E81A5D5A61DBB6811890 /* Pods_FavorPayTests.framework */ = {isa = PBXFileReference; explicitFileType = wrapper.framework; includeInIndex = 0; path = Pods_FavorPayTests.framework; sourceTree = BUILT_PRODUCTS_DIR; };
		7DD6C2017DA61AD1DAC4E61E /* Pods-FavorPayTests.debug.xcconfig */ = {isa = PBXFileReference; includeInIndex = 1; lastKnownFileType = text.xcconfig; name = "Pods-FavorPayTests.debug.xcconfig"; path = "Pods/Target Support Files/Pods-FavorPayTests/Pods-FavorPayTests.debug.xcconfig"; sourceTree = "<group>"; };
		82A376BB5F3869F8A0024750 /* Pods_FavorPayUITests.framework */ = {isa = PBXFileReference; explicitFileType = wrapper.framework; includeInIndex = 0; path = Pods_FavorPayUITests.framework; sourceTree = BUILT_PRODUCTS_DIR; };
		886B9B68DBF114329EFA115E /* Pods_FavorPay.framework */ = {isa = PBXFileReference; explicitFileType = wrapper.framework; includeInIndex = 0; path = Pods_FavorPay.framework; sourceTree = BUILT_PRODUCTS_DIR; };
		A37A64B564995FB54E7CC57A /* Pods-FavorPayUITests.debug.xcconfig */ = {isa = PBXFileReference; includeInIndex = 1; lastKnownFileType = text.xcconfig; name = "Pods-FavorPayUITests.debug.xcconfig"; path = "Pods/Target Support Files/Pods-FavorPayUITests/Pods-FavorPayUITests.debug.xcconfig"; sourceTree = "<group>"; };
		B4A6D24E390C54C4349D5A72 /* Pods-FavorPay.debug.xcconfig */ = {isa = PBXFileReference; includeInIndex = 1; lastKnownFileType = text.xcconfig; name = "Pods-FavorPay.debug.xcconfig"; path = "Pods/Target Support Files/Pods-FavorPay/Pods-FavorPay.debug.xcconfig"; sourceTree = "<group>"; };
		E1485DBE1465B212C1AD64C6 /* Pods-FavorPayTests.release.xcconfig */ = {isa = PBXFileReference; includeInIndex = 1; lastKnownFileType = text.xcconfig; name = "Pods-FavorPayTests.release.xcconfig"; path = "Pods/Target Support Files/Pods-FavorPayTests/Pods-FavorPayTests.release.xcconfig"; sourceTree = "<group>"; };
		E3C14D2B52F4ADCD59B66FDE /* Pods-FavorPay.release.xcconfig */ = {isa = PBXFileReference; includeInIndex = 1; lastKnownFileType = text.xcconfig; name = "Pods-FavorPay.release.xcconfig"; path = "Pods/Target Support Files/Pods-FavorPay/Pods-FavorPay.release.xcconfig"; sourceTree = "<group>"; };
/* End PBXFileReference section */

/* Begin PBXFrameworksBuildPhase section */
		220463741EDA4B5E00857F04 /* Frameworks */ = {
			isa = PBXFrameworksBuildPhase;
			buildActionMask = 2147483647;
			files = (
				DF92F6AA10DC25E12054BE08 /* Pods_FavorPay.framework in Frameworks */,
			);
			runOnlyForDeploymentPostprocessing = 0;
		};
		220463881EDA4B5F00857F04 /* Frameworks */ = {
			isa = PBXFrameworksBuildPhase;
			buildActionMask = 2147483647;
			files = (
				3B38B6D161F35E92BCA783A4 /* Pods_FavorPayTests.framework in Frameworks */,
			);
			runOnlyForDeploymentPostprocessing = 0;
		};
		220463931EDA4B5F00857F04 /* Frameworks */ = {
			isa = PBXFrameworksBuildPhase;
			buildActionMask = 2147483647;
			files = (
				4BABCCF4A0E055152F4E0F73 /* Pods_FavorPayUITests.framework in Frameworks */,
			);
			runOnlyForDeploymentPostprocessing = 0;
		};
/* End PBXFrameworksBuildPhase section */

/* Begin PBXGroup section */
		2204636E1EDA4B5E00857F04 = {
			isa = PBXGroup;
			children = (
				227DAB661EF5751500C88581 /* GoogleService-Info.plist */,
				220463791EDA4B5E00857F04 /* FavorPay */,
				2204638E1EDA4B5F00857F04 /* FavorPayTests */,
				220463991EDA4B5F00857F04 /* FavorPayUITests */,
				220463781EDA4B5E00857F04 /* Products */,
				2A6E26CF7B9EDE8B354D7877 /* Pods */,
				7DBDF01C0ED9C92823659689 /* Frameworks */,
			);
			sourceTree = "<group>";
		};
		220463781EDA4B5E00857F04 /* Products */ = {
			isa = PBXGroup;
			children = (
				220463771EDA4B5E00857F04 /* FavorPay.app */,
				2204638B1EDA4B5F00857F04 /* FavorPayTests.xctest */,
				220463961EDA4B5F00857F04 /* FavorPayUITests.xctest */,
			);
			name = Products;
			sourceTree = "<group>";
		};
		220463791EDA4B5E00857F04 /* FavorPay */ = {
			isa = PBXGroup;
			children = (
				220463B41EDB622E00857F04 /* Views */,
				220463B31EDB621D00857F04 /* Controllers */,
				220463B21EDB621500857F04 /* Models */,
				2204637A1EDA4B5E00857F04 /* AppDelegate.swift */,
				220463861EDA4B5E00857F04 /* Info.plist */,
			);
			path = FavorPay;
			sourceTree = "<group>";
		};
		2204638E1EDA4B5F00857F04 /* FavorPayTests */ = {
			isa = PBXGroup;
			children = (
				2204638F1EDA4B5F00857F04 /* FavorPayTests.swift */,
				220463911EDA4B5F00857F04 /* Info.plist */,
			);
			path = FavorPayTests;
			sourceTree = "<group>";
		};
		220463991EDA4B5F00857F04 /* FavorPayUITests */ = {
			isa = PBXGroup;
			children = (
				2204639A1EDA4B5F00857F04 /* FavorPayUITests.swift */,
				2204639C1EDA4B5F00857F04 /* Info.plist */,
			);
			path = FavorPayUITests;
			sourceTree = "<group>";
		};
		220463B21EDB621500857F04 /* Models */ = {
			isa = PBXGroup;
			children = (
				224DF2E31EE615C2008D4DD9 /* GoodDeed.swift */,
			);
			name = Models;
			sourceTree = "<group>";
		};
		220463B31EDB621D00857F04 /* Controllers */ = {
			isa = PBXGroup;
			children = (
				220463AA1EDA525D00857F04 /* FavorPayViewController.swift */,
				228FB4281EF0C7310056CDDE /* FavorPayTabViewController.swift */,
				220463B01EDB61EC00857F04 /* RegisterViewController.swift */,
				2204637C1EDA4B5E00857F04 /* LoginViewController.swift */,
				220463B81EDB6D5B00857F04 /* RequestViewController.swift */,
				220463BA1EDB6D7300857F04 /* PerformViewController.swift */,
				220463BE1EDB703400857F04 /* HistoryViewController.swift */,
				22310EB71EF41456004FDB7D /* MapViewController.swift */,
				22310EB91EF44422004FDB7D /* LocationSearchViewController.swift */,
				22E514D91EF7FED90045033D /* SettingsViewController.swift */,
				22E514DB1EF8020B0045033D /* BankViewController.swift */,
			);
			name = Controllers;
			sourceTree = "<group>";
		};
		220463B41EDB622E00857F04 /* Views */ = {
			isa = PBXGroup;
			children = (
				2204637E1EDA4B5E00857F04 /* Main.storyboard */,
				220463811EDA4B5E00857F04 /* Assets.xcassets */,
				220463831EDA4B5E00857F04 /* LaunchScreen.storyboard */,
				220463A81EDA51B900857F04 /* FavorPayButton.swift */,
				220463AC1EDA52B200857F04 /* FavorPayTextField.swift */,
				220463AE1EDA52F200857F04 /* FavorPayLabel.swift */,
				224DF2E71EE66247008D4DD9 /* FavorPayTextView.swift */,
				224DF2E51EE659B0008D4DD9 /* FavorPayTableViewCell.swift */,
			);
			name = Views;
			sourceTree = "<group>";
		};
		2A6E26CF7B9EDE8B354D7877 /* Pods */ = {
			isa = PBXGroup;
			children = (
				B4A6D24E390C54C4349D5A72 /* Pods-FavorPay.debug.xcconfig */,
				E3C14D2B52F4ADCD59B66FDE /* Pods-FavorPay.release.xcconfig */,
				7DD6C2017DA61AD1DAC4E61E /* Pods-FavorPayTests.debug.xcconfig */,
				E1485DBE1465B212C1AD64C6 /* Pods-FavorPayTests.release.xcconfig */,
				A37A64B564995FB54E7CC57A /* Pods-FavorPayUITests.debug.xcconfig */,
				3EA426A9D02032CD92F3FF04 /* Pods-FavorPayUITests.release.xcconfig */,
			);
			name = Pods;
			sourceTree = "<group>";
		};
		7DBDF01C0ED9C92823659689 /* Frameworks */ = {
			isa = PBXGroup;
			children = (
				886B9B68DBF114329EFA115E /* Pods_FavorPay.framework */,
				52A4E81A5D5A61DBB6811890 /* Pods_FavorPayTests.framework */,
				82A376BB5F3869F8A0024750 /* Pods_FavorPayUITests.framework */,
			);
			name = Frameworks;
			sourceTree = "<group>";
		};
/* End PBXGroup section */

/* Begin PBXNativeTarget section */
		220463761EDA4B5E00857F04 /* FavorPay */ = {
			isa = PBXNativeTarget;
			buildConfigurationList = 2204639F1EDA4B5F00857F04 /* Build configuration list for PBXNativeTarget "FavorPay" */;
			buildPhases = (
				F825E988F9A13EDB705449DB /* [CP] Check Pods Manifest.lock */,
				220463731EDA4B5E00857F04 /* Sources */,
				220463741EDA4B5E00857F04 /* Frameworks */,
				220463751EDA4B5E00857F04 /* Resources */,
				BC707CA84D030E7F6B005405 /* [CP] Embed Pods Frameworks */,
				7AE95EC1FC4855AFFA91A02A /* [CP] Copy Pods Resources */,
			);
			buildRules = (
			);
			dependencies = (
			);
			name = FavorPay;
			productName = FavorPay;
			productReference = 220463771EDA4B5E00857F04 /* FavorPay.app */;
			productType = "com.apple.product-type.application";
		};
		2204638A1EDA4B5F00857F04 /* FavorPayTests */ = {
			isa = PBXNativeTarget;
			buildConfigurationList = 220463A21EDA4B5F00857F04 /* Build configuration list for PBXNativeTarget "FavorPayTests" */;
			buildPhases = (
				4649C3C6BA51A9BA87D52F8A /* [CP] Check Pods Manifest.lock */,
				220463871EDA4B5F00857F04 /* Sources */,
				220463881EDA4B5F00857F04 /* Frameworks */,
				220463891EDA4B5F00857F04 /* Resources */,
				38B7E89960496EEF4F871533 /* [CP] Embed Pods Frameworks */,
				B113F713119D582F1D7EA611 /* [CP] Copy Pods Resources */,
			);
			buildRules = (
			);
			dependencies = (
				2204638D1EDA4B5F00857F04 /* PBXTargetDependency */,
			);
			name = FavorPayTests;
			productName = FavorPayTests;
			productReference = 2204638B1EDA4B5F00857F04 /* FavorPayTests.xctest */;
			productType = "com.apple.product-type.bundle.unit-test";
		};
		220463951EDA4B5F00857F04 /* FavorPayUITests */ = {
			isa = PBXNativeTarget;
			buildConfigurationList = 220463A51EDA4B5F00857F04 /* Build configuration list for PBXNativeTarget "FavorPayUITests" */;
			buildPhases = (
				652878D9BEF3C7A63E92123A /* [CP] Check Pods Manifest.lock */,
				220463921EDA4B5F00857F04 /* Sources */,
				220463931EDA4B5F00857F04 /* Frameworks */,
				220463941EDA4B5F00857F04 /* Resources */,
				F630EF2D12EDE4D47F992357 /* [CP] Embed Pods Frameworks */,
				BD31394834C65A2AB347AD09 /* [CP] Copy Pods Resources */,
			);
			buildRules = (
			);
			dependencies = (
				220463981EDA4B5F00857F04 /* PBXTargetDependency */,
			);
			name = FavorPayUITests;
			productName = FavorPayUITests;
			productReference = 220463961EDA4B5F00857F04 /* FavorPayUITests.xctest */;
			productType = "com.apple.product-type.bundle.ui-testing";
		};
/* End PBXNativeTarget section */

/* Begin PBXProject section */
		2204636F1EDA4B5E00857F04 /* Project object */ = {
			isa = PBXProject;
			attributes = {
				LastSwiftUpdateCheck = 0830;
				LastUpgradeCheck = 0830;
				ORGANIZATIONNAME = "Daniel Newell";
				TargetAttributes = {
					220463761EDA4B5E00857F04 = {
						CreatedOnToolsVersion = 8.3.2;
						ProvisioningStyle = Automatic;
					};
					2204638A1EDA4B5F00857F04 = {
						CreatedOnToolsVersion = 8.3.2;
						ProvisioningStyle = Automatic;
						TestTargetID = 220463761EDA4B5E00857F04;
					};
					220463951EDA4B5F00857F04 = {
						CreatedOnToolsVersion = 8.3.2;
						ProvisioningStyle = Automatic;
						TestTargetID = 220463761EDA4B5E00857F04;
					};
				};
			};
			buildConfigurationList = 220463721EDA4B5E00857F04 /* Build configuration list for PBXProject "FavorPay" */;
			compatibilityVersion = "Xcode 3.2";
			developmentRegion = English;
			hasScannedForEncodings = 0;
			knownRegions = (
				en,
				Base,
			);
			mainGroup = 2204636E1EDA4B5E00857F04;
			productRefGroup = 220463781EDA4B5E00857F04 /* Products */;
			projectDirPath = "";
			projectRoot = "";
			targets = (
				220463761EDA4B5E00857F04 /* FavorPay */,
				2204638A1EDA4B5F00857F04 /* FavorPayTests */,
				220463951EDA4B5F00857F04 /* FavorPayUITests */,
			);
		};
/* End PBXProject section */

/* Begin PBXResourcesBuildPhase section */
		220463751EDA4B5E00857F04 /* Resources */ = {
			isa = PBXResourcesBuildPhase;
			buildActionMask = 2147483647;
			files = (
				220463851EDA4B5E00857F04 /* LaunchScreen.storyboard in Resources */,
				227DAB671EF5751500C88581 /* GoogleService-Info.plist in Resources */,
				220463821EDA4B5E00857F04 /* Assets.xcassets in Resources */,
				220463801EDA4B5E00857F04 /* Main.storyboard in Resources */,
			);
			runOnlyForDeploymentPostprocessing = 0;
		};
		220463891EDA4B5F00857F04 /* Resources */ = {
			isa = PBXResourcesBuildPhase;
			buildActionMask = 2147483647;
			files = (
			);
			runOnlyForDeploymentPostprocessing = 0;
		};
		220463941EDA4B5F00857F04 /* Resources */ = {
			isa = PBXResourcesBuildPhase;
			buildActionMask = 2147483647;
			files = (
			);
			runOnlyForDeploymentPostprocessing = 0;
		};
/* End PBXResourcesBuildPhase section */

/* Begin PBXShellScriptBuildPhase section */
		38B7E89960496EEF4F871533 /* [CP] Embed Pods Frameworks */ = {
			isa = PBXShellScriptBuildPhase;
			buildActionMask = 2147483647;
			files = (
			);
			inputPaths = (
			);
			name = "[CP] Embed Pods Frameworks";
			outputPaths = (
			);
			runOnlyForDeploymentPostprocessing = 0;
			shellPath = /bin/sh;
			shellScript = "\"${SRCROOT}/Pods/Target Support Files/Pods-FavorPayTests/Pods-FavorPayTests-frameworks.sh\"\n";
			showEnvVarsInLog = 0;
		};
		4649C3C6BA51A9BA87D52F8A /* [CP] Check Pods Manifest.lock */ = {
			isa = PBXShellScriptBuildPhase;
			buildActionMask = 2147483647;
			files = (
			);
			inputPaths = (
			);
			name = "[CP] Check Pods Manifest.lock";
			outputPaths = (
			);
			runOnlyForDeploymentPostprocessing = 0;
			shellPath = /bin/sh;
			shellScript = "diff \"${PODS_PODFILE_DIR_PATH}/Podfile.lock\" \"${PODS_ROOT}/Manifest.lock\" > /dev/null\nif [ $? != 0 ] ; then\n    # print error to STDERR\n    echo \"error: The sandbox is not in sync with the Podfile.lock. Run 'pod install' or update your CocoaPods installation.\" >&2\n    exit 1\nfi\n";
			showEnvVarsInLog = 0;
		};
		652878D9BEF3C7A63E92123A /* [CP] Check Pods Manifest.lock */ = {
			isa = PBXShellScriptBuildPhase;
			buildActionMask = 2147483647;
			files = (
			);
			inputPaths = (
			);
			name = "[CP] Check Pods Manifest.lock";
			outputPaths = (
			);
			runOnlyForDeploymentPostprocessing = 0;
			shellPath = /bin/sh;
			shellScript = "diff \"${PODS_PODFILE_DIR_PATH}/Podfile.lock\" \"${PODS_ROOT}/Manifest.lock\" > /dev/null\nif [ $? != 0 ] ; then\n    # print error to STDERR\n    echo \"error: The sandbox is not in sync with the Podfile.lock. Run 'pod install' or update your CocoaPods installation.\" >&2\n    exit 1\nfi\n";
			showEnvVarsInLog = 0;
		};
		7AE95EC1FC4855AFFA91A02A /* [CP] Copy Pods Resources */ = {
			isa = PBXShellScriptBuildPhase;
			buildActionMask = 2147483647;
			files = (
			);
			inputPaths = (
			);
			name = "[CP] Copy Pods Resources";
			outputPaths = (
			);
			runOnlyForDeploymentPostprocessing = 0;
			shellPath = /bin/sh;
			shellScript = "\"${SRCROOT}/Pods/Target Support Files/Pods-FavorPay/Pods-FavorPay-resources.sh\"\n";
			showEnvVarsInLog = 0;
		};
		B113F713119D582F1D7EA611 /* [CP] Copy Pods Resources */ = {
			isa = PBXShellScriptBuildPhase;
			buildActionMask = 2147483647;
			files = (
			);
			inputPaths = (
			);
			name = "[CP] Copy Pods Resources";
			outputPaths = (
			);
			runOnlyForDeploymentPostprocessing = 0;
			shellPath = /bin/sh;
			shellScript = "\"${SRCROOT}/Pods/Target Support Files/Pods-FavorPayTests/Pods-FavorPayTests-resources.sh\"\n";
			showEnvVarsInLog = 0;
		};
		BC707CA84D030E7F6B005405 /* [CP] Embed Pods Frameworks */ = {
			isa = PBXShellScriptBuildPhase;
			buildActionMask = 2147483647;
			files = (
			);
			inputPaths = (
			);
			name = "[CP] Embed Pods Frameworks";
			outputPaths = (
			);
			runOnlyForDeploymentPostprocessing = 0;
			shellPath = /bin/sh;
			shellScript = "\"${SRCROOT}/Pods/Target Support Files/Pods-FavorPay/Pods-FavorPay-frameworks.sh\"\n";
			showEnvVarsInLog = 0;
		};
		BD31394834C65A2AB347AD09 /* [CP] Copy Pods Resources */ = {
			isa = PBXShellScriptBuildPhase;
			buildActionMask = 2147483647;
			files = (
			);
			inputPaths = (
			);
			name = "[CP] Copy Pods Resources";
			outputPaths = (
			);
			runOnlyForDeploymentPostprocessing = 0;
			shellPath = /bin/sh;
			shellScript = "\"${SRCROOT}/Pods/Target Support Files/Pods-FavorPayUITests/Pods-FavorPayUITests-resources.sh\"\n";
			showEnvVarsInLog = 0;
		};
		F630EF2D12EDE4D47F992357 /* [CP] Embed Pods Frameworks */ = {
			isa = PBXShellScriptBuildPhase;
			buildActionMask = 2147483647;
			files = (
			);
			inputPaths = (
			);
			name = "[CP] Embed Pods Frameworks";
			outputPaths = (
			);
			runOnlyForDeploymentPostprocessing = 0;
			shellPath = /bin/sh;
			shellScript = "\"${SRCROOT}/Pods/Target Support Files/Pods-FavorPayUITests/Pods-FavorPayUITests-frameworks.sh\"\n";
			showEnvVarsInLog = 0;
		};
		F825E988F9A13EDB705449DB /* [CP] Check Pods Manifest.lock */ = {
			isa = PBXShellScriptBuildPhase;
			buildActionMask = 2147483647;
			files = (
			);
			inputPaths = (
			);
			name = "[CP] Check Pods Manifest.lock";
			outputPaths = (
			);
			runOnlyForDeploymentPostprocessing = 0;
			shellPath = /bin/sh;
			shellScript = "diff \"${PODS_PODFILE_DIR_PATH}/Podfile.lock\" \"${PODS_ROOT}/Manifest.lock\" > /dev/null\nif [ $? != 0 ] ; then\n    # print error to STDERR\n    echo \"error: The sandbox is not in sync with the Podfile.lock. Run 'pod install' or update your CocoaPods installation.\" >&2\n    exit 1\nfi\n";
			showEnvVarsInLog = 0;
		};
/* End PBXShellScriptBuildPhase section */

/* Begin PBXSourcesBuildPhase section */
		220463731EDA4B5E00857F04 /* Sources */ = {
			isa = PBXSourcesBuildPhase;
			buildActionMask = 2147483647;
			files = (
				220463A91EDA51B900857F04 /* FavorPayButton.swift in Sources */,
				224DF2E61EE659B0008D4DD9 /* FavorPayTableViewCell.swift in Sources */,
				224DF2E81EE66247008D4DD9 /* FavorPayTextView.swift in Sources */,
				2204637D1EDA4B5E00857F04 /* LoginViewController.swift in Sources */,
				220463BF1EDB703400857F04 /* HistoryViewController.swift in Sources */,
				220463B11EDB61EC00857F04 /* RegisterViewController.swift in Sources */,
				220463AD1EDA52B200857F04 /* FavorPayTextField.swift in Sources */,
				224DF2E41EE615C2008D4DD9 /* GoodDeed.swift in Sources */,
				220463BB1EDB6D7300857F04 /* PerformViewController.swift in Sources */,
				220463AB1EDA525D00857F04 /* FavorPayViewController.swift in Sources */,
				228FB4291EF0C7310056CDDE /* FavorPayTabViewController.swift in Sources */,
				220463B91EDB6D5B00857F04 /* RequestViewController.swift in Sources */,
				22E514DA1EF7FED90045033D /* SettingsViewController.swift in Sources */,
				220463AF1EDA52F200857F04 /* FavorPayLabel.swift in Sources */,
				22E514DC1EF8020B0045033D /* BankViewController.swift in Sources */,
				22310EBA1EF44422004FDB7D /* LocationSearchViewController.swift in Sources */,
				2204637B1EDA4B5E00857F04 /* AppDelegate.swift in Sources */,
				22310EB81EF41456004FDB7D /* MapViewController.swift in Sources */,
			);
			runOnlyForDeploymentPostprocessing = 0;
		};
		220463871EDA4B5F00857F04 /* Sources */ = {
			isa = PBXSourcesBuildPhase;
			buildActionMask = 2147483647;
			files = (
				220463901EDA4B5F00857F04 /* FavorPayTests.swift in Sources */,
			);
			runOnlyForDeploymentPostprocessing = 0;
		};
		220463921EDA4B5F00857F04 /* Sources */ = {
			isa = PBXSourcesBuildPhase;
			buildActionMask = 2147483647;
			files = (
				2204639B1EDA4B5F00857F04 /* FavorPayUITests.swift in Sources */,
			);
			runOnlyForDeploymentPostprocessing = 0;
		};
/* End PBXSourcesBuildPhase section */

/* Begin PBXTargetDependency section */
		2204638D1EDA4B5F00857F04 /* PBXTargetDependency */ = {
			isa = PBXTargetDependency;
			target = 220463761EDA4B5E00857F04 /* FavorPay */;
			targetProxy = 2204638C1EDA4B5F00857F04 /* PBXContainerItemProxy */;
		};
		220463981EDA4B5F00857F04 /* PBXTargetDependency */ = {
			isa = PBXTargetDependency;
			target = 220463761EDA4B5E00857F04 /* FavorPay */;
			targetProxy = 220463971EDA4B5F00857F04 /* PBXContainerItemProxy */;
		};
/* End PBXTargetDependency section */

/* Begin PBXVariantGroup section */
		2204637E1EDA4B5E00857F04 /* Main.storyboard */ = {
			isa = PBXVariantGroup;
			children = (
				2204637F1EDA4B5E00857F04 /* Base */,
			);
			name = Main.storyboard;
			sourceTree = "<group>";
		};
		220463831EDA4B5E00857F04 /* LaunchScreen.storyboard */ = {
			isa = PBXVariantGroup;
			children = (
				220463841EDA4B5E00857F04 /* Base */,
			);
			name = LaunchScreen.storyboard;
			sourceTree = "<group>";
		};
/* End PBXVariantGroup section */

/* Begin XCBuildConfiguration section */
		2204639D1EDA4B5F00857F04 /* Debug */ = {
			isa = XCBuildConfiguration;
			buildSettings = {
				ALWAYS_SEARCH_USER_PATHS = NO;
				CLANG_ANALYZER_NONNULL = YES;
				CLANG_ANALYZER_NUMBER_OBJECT_CONVERSION = YES_AGGRESSIVE;
				CLANG_CXX_LANGUAGE_STANDARD = "gnu++0x";
				CLANG_CXX_LIBRARY = "libc++";
				CLANG_ENABLE_MODULES = YES;
				CLANG_ENABLE_OBJC_ARC = YES;
				CLANG_WARN_BOOL_CONVERSION = YES;
				CLANG_WARN_CONSTANT_CONVERSION = YES;
				CLANG_WARN_DIRECT_OBJC_ISA_USAGE = YES_ERROR;
				CLANG_WARN_DOCUMENTATION_COMMENTS = YES;
				CLANG_WARN_EMPTY_BODY = YES;
				CLANG_WARN_ENUM_CONVERSION = YES;
				CLANG_WARN_INFINITE_RECURSION = YES;
				CLANG_WARN_INT_CONVERSION = YES;
				CLANG_WARN_OBJC_ROOT_CLASS = YES_ERROR;
				CLANG_WARN_SUSPICIOUS_MOVE = YES;
				CLANG_WARN_UNREACHABLE_CODE = YES;
				CLANG_WARN__DUPLICATE_METHOD_MATCH = YES;
				"CODE_SIGN_IDENTITY[sdk=iphoneos*]" = "iPhone Developer";
				COPY_PHASE_STRIP = NO;
				DEBUG_INFORMATION_FORMAT = dwarf;
				ENABLE_STRICT_OBJC_MSGSEND = YES;
				ENABLE_TESTABILITY = YES;
				GCC_C_LANGUAGE_STANDARD = gnu99;
				GCC_DYNAMIC_NO_PIC = NO;
				GCC_NO_COMMON_BLOCKS = YES;
				GCC_OPTIMIZATION_LEVEL = 0;
				GCC_PREPROCESSOR_DEFINITIONS = (
					"DEBUG=1",
					"$(inherited)",
				);
				GCC_WARN_64_TO_32_BIT_CONVERSION = YES;
				GCC_WARN_ABOUT_RETURN_TYPE = YES_ERROR;
				GCC_WARN_UNDECLARED_SELECTOR = YES;
				GCC_WARN_UNINITIALIZED_AUTOS = YES_AGGRESSIVE;
				GCC_WARN_UNUSED_FUNCTION = YES;
				GCC_WARN_UNUSED_VARIABLE = YES;
				IPHONEOS_DEPLOYMENT_TARGET = 10.3;
				MTL_ENABLE_DEBUG_INFO = YES;
				ONLY_ACTIVE_ARCH = YES;
				SDKROOT = iphoneos;
				SWIFT_ACTIVE_COMPILATION_CONDITIONS = DEBUG;
				SWIFT_OPTIMIZATION_LEVEL = "-Onone";
				TARGETED_DEVICE_FAMILY = "1,2";
			};
			name = Debug;
		};
		2204639E1EDA4B5F00857F04 /* Release */ = {
			isa = XCBuildConfiguration;
			buildSettings = {
				ALWAYS_SEARCH_USER_PATHS = NO;
				CLANG_ANALYZER_NONNULL = YES;
				CLANG_ANALYZER_NUMBER_OBJECT_CONVERSION = YES_AGGRESSIVE;
				CLANG_CXX_LANGUAGE_STANDARD = "gnu++0x";
				CLANG_CXX_LIBRARY = "libc++";
				CLANG_ENABLE_MODULES = YES;
				CLANG_ENABLE_OBJC_ARC = YES;
				CLANG_WARN_BOOL_CONVERSION = YES;
				CLANG_WARN_CONSTANT_CONVERSION = YES;
				CLANG_WARN_DIRECT_OBJC_ISA_USAGE = YES_ERROR;
				CLANG_WARN_DOCUMENTATION_COMMENTS = YES;
				CLANG_WARN_EMPTY_BODY = YES;
				CLANG_WARN_ENUM_CONVERSION = YES;
				CLANG_WARN_INFINITE_RECURSION = YES;
				CLANG_WARN_INT_CONVERSION = YES;
				CLANG_WARN_OBJC_ROOT_CLASS = YES_ERROR;
				CLANG_WARN_SUSPICIOUS_MOVE = YES;
				CLANG_WARN_UNREACHABLE_CODE = YES;
				CLANG_WARN__DUPLICATE_METHOD_MATCH = YES;
				"CODE_SIGN_IDENTITY[sdk=iphoneos*]" = "iPhone Developer";
				COPY_PHASE_STRIP = NO;
				DEBUG_INFORMATION_FORMAT = "dwarf-with-dsym";
				ENABLE_NS_ASSERTIONS = NO;
				ENABLE_STRICT_OBJC_MSGSEND = YES;
				GCC_C_LANGUAGE_STANDARD = gnu99;
				GCC_NO_COMMON_BLOCKS = YES;
				GCC_WARN_64_TO_32_BIT_CONVERSION = YES;
				GCC_WARN_ABOUT_RETURN_TYPE = YES_ERROR;
				GCC_WARN_UNDECLARED_SELECTOR = YES;
				GCC_WARN_UNINITIALIZED_AUTOS = YES_AGGRESSIVE;
				GCC_WARN_UNUSED_FUNCTION = YES;
				GCC_WARN_UNUSED_VARIABLE = YES;
				IPHONEOS_DEPLOYMENT_TARGET = 10.3;
				MTL_ENABLE_DEBUG_INFO = NO;
				SDKROOT = iphoneos;
				SWIFT_OPTIMIZATION_LEVEL = "-Owholemodule";
				TARGETED_DEVICE_FAMILY = "1,2";
				VALIDATE_PRODUCT = YES;
			};
			name = Release;
		};
		220463A01EDA4B5F00857F04 /* Debug */ = {
			isa = XCBuildConfiguration;
			baseConfigurationReference = B4A6D24E390C54C4349D5A72 /* Pods-FavorPay.debug.xcconfig */;
			buildSettings = {
				ASSETCATALOG_COMPILER_APPICON_NAME = AppIcon;
				INFOPLIST_FILE = FavorPay/Info.plist;
				LD_RUNPATH_SEARCH_PATHS = "$(inherited) @executable_path/Frameworks";
				PRODUCT_BUNDLE_IDENTIFIER = GVSU.FavorPay;
				PRODUCT_NAME = "$(TARGET_NAME)";
				SWIFT_VERSION = 3.0;
			};
			name = Debug;
		};
		220463A11EDA4B5F00857F04 /* Release */ = {
			isa = XCBuildConfiguration;
			baseConfigurationReference = E3C14D2B52F4ADCD59B66FDE /* Pods-FavorPay.release.xcconfig */;
			buildSettings = {
				ASSETCATALOG_COMPILER_APPICON_NAME = AppIcon;
				INFOPLIST_FILE = FavorPay/Info.plist;
				LD_RUNPATH_SEARCH_PATHS = "$(inherited) @executable_path/Frameworks";
				PRODUCT_BUNDLE_IDENTIFIER = GVSU.FavorPay;
				PRODUCT_NAME = "$(TARGET_NAME)";
				SWIFT_VERSION = 3.0;
			};
			name = Release;
		};
		220463A31EDA4B5F00857F04 /* Debug */ = {
			isa = XCBuildConfiguration;
			baseConfigurationReference = 7DD6C2017DA61AD1DAC4E61E /* Pods-FavorPayTests.debug.xcconfig */;
			buildSettings = {
				ALWAYS_EMBED_SWIFT_STANDARD_LIBRARIES = YES;
				BUNDLE_LOADER = "$(TEST_HOST)";
				INFOPLIST_FILE = FavorPayTests/Info.plist;
				LD_RUNPATH_SEARCH_PATHS = "$(inherited) @executable_path/Frameworks @loader_path/Frameworks";
				PRODUCT_BUNDLE_IDENTIFIER = GVSU.FavorPayTests;
				PRODUCT_NAME = "$(TARGET_NAME)";
				SWIFT_VERSION = 3.0;
				TEST_HOST = "$(BUILT_PRODUCTS_DIR)/FavorPay.app/FavorPay";
			};
			name = Debug;
		};
		220463A41EDA4B5F00857F04 /* Release */ = {
			isa = XCBuildConfiguration;
			baseConfigurationReference = E1485DBE1465B212C1AD64C6 /* Pods-FavorPayTests.release.xcconfig */;
			buildSettings = {
				ALWAYS_EMBED_SWIFT_STANDARD_LIBRARIES = YES;
				BUNDLE_LOADER = "$(TEST_HOST)";
				INFOPLIST_FILE = FavorPayTests/Info.plist;
				LD_RUNPATH_SEARCH_PATHS = "$(inherited) @executable_path/Frameworks @loader_path/Frameworks";
				PRODUCT_BUNDLE_IDENTIFIER = GVSU.FavorPayTests;
				PRODUCT_NAME = "$(TARGET_NAME)";
				SWIFT_VERSION = 3.0;
				TEST_HOST = "$(BUILT_PRODUCTS_DIR)/FavorPay.app/FavorPay";
			};
			name = Release;
		};
		220463A61EDA4B5F00857F04 /* Debug */ = {
			isa = XCBuildConfiguration;
			baseConfigurationReference = A37A64B564995FB54E7CC57A /* Pods-FavorPayUITests.debug.xcconfig */;
			buildSettings = {
				ALWAYS_EMBED_SWIFT_STANDARD_LIBRARIES = YES;
				INFOPLIST_FILE = FavorPayUITests/Info.plist;
				LD_RUNPATH_SEARCH_PATHS = "$(inherited) @executable_path/Frameworks @loader_path/Frameworks";
				PRODUCT_BUNDLE_IDENTIFIER = GVSU.FavorPayUITests;
				PRODUCT_NAME = "$(TARGET_NAME)";
				SWIFT_VERSION = 3.0;
				TEST_TARGET_NAME = FavorPay;
			};
			name = Debug;
		};
		220463A71EDA4B5F00857F04 /* Release */ = {
			isa = XCBuildConfiguration;
			baseConfigurationReference = 3EA426A9D02032CD92F3FF04 /* Pods-FavorPayUITests.release.xcconfig */;
			buildSettings = {
				ALWAYS_EMBED_SWIFT_STANDARD_LIBRARIES = YES;
				INFOPLIST_FILE = FavorPayUITests/Info.plist;
				LD_RUNPATH_SEARCH_PATHS = "$(inherited) @executable_path/Frameworks @loader_path/Frameworks";
				PRODUCT_BUNDLE_IDENTIFIER = GVSU.FavorPayUITests;
				PRODUCT_NAME = "$(TARGET_NAME)";
				SWIFT_VERSION = 3.0;
				TEST_TARGET_NAME = FavorPay;
			};
			name = Release;
		};
/* End XCBuildConfiguration section */

/* Begin XCConfigurationList section */
		220463721EDA4B5E00857F04 /* Build configuration list for PBXProject "FavorPay" */ = {
			isa = XCConfigurationList;
			buildConfigurations = (
				2204639D1EDA4B5F00857F04 /* Debug */,
				2204639E1EDA4B5F00857F04 /* Release */,
			);
			defaultConfigurationIsVisible = 0;
			defaultConfigurationName = Release;
		};
		2204639F1EDA4B5F00857F04 /* Build configuration list for PBXNativeTarget "FavorPay" */ = {
			isa = XCConfigurationList;
			buildConfigurations = (
				220463A01EDA4B5F00857F04 /* Debug */,
				220463A11EDA4B5F00857F04 /* Release */,
			);
			defaultConfigurationIsVisible = 0;
			defaultConfigurationName = Release;
		};
		220463A21EDA4B5F00857F04 /* Build configuration list for PBXNativeTarget "FavorPayTests" */ = {
			isa = XCConfigurationList;
			buildConfigurations = (
				220463A31EDA4B5F00857F04 /* Debug */,
				220463A41EDA4B5F00857F04 /* Release */,
			);
			defaultConfigurationIsVisible = 0;
			defaultConfigurationName = Release;
		};
		220463A51EDA4B5F00857F04 /* Build configuration list for PBXNativeTarget "FavorPayUITests" */ = {
			isa = XCConfigurationList;
			buildConfigurations = (
				220463A61EDA4B5F00857F04 /* Debug */,
				220463A71EDA4B5F00857F04 /* Release */,
			);
			defaultConfigurationIsVisible = 0;
			defaultConfigurationName = Release;
		};
/* End XCConfigurationList section */
	};
	rootObject = 2204636F1EDA4B5E00857F04 /* Project object */;
}
